
Microsoft Visual Studio Solution File, Format Version 12.00
# Visual Studio 15
VisualStudioVersion = 15.0.28307.2092
MinimumVisualStudioVersion = 10.0.40219.1
Project("{FAE04EC0-301F-11D3-BF4B-00C04F79EFBC}") = "HW1_prob2", "HW1_prob2\HW1_prob2.csproj", "{F9779A27-3CFA-4617-A828-6203092DB2A8}"
EndProject
Global
	GlobalSection(SolutionConfigurationPlatforms) = preSolution
		Debug|Any CPU = Debug|Any CPU
		Release|Any CPU = Release|Any CPU
	EndGlobalSection
	GlobalSection(ProjectConfigurationPlatforms) = postSolution
		{F9779A27-3CFA-4617-A828-6203092DB2A8}.Debug|Any CPU.ActiveCfg = Debug|Any CPU
		{F9779A27-3CFA-4617-A828-6203092DB2A8}.Debug|Any CPU.Build.0 = Debug|Any CPU
		{F9779A27-3CFA-4617-A828-6203092DB2A8}.Release|Any CPU.ActiveCfg = Release|Any CPU
		{F9779A27-3CFA-4617-A828-6203092DB2A8}.Release|Any CPU.Build.0 = Release|Any CPU
	EndGlobalSection
	GlobalSection(SolutionProperties) = preSolution
		HideSolutionNode = FALSE
	EndGlobalSection
	GlobalSection(ExtensibilityGlobals) = postSolution
		SolutionGuid = {D113B7F6-7C22-4509-A2E7-CC39DCBF1A2C}
	EndGlobalSection
EndGlobal
